
Microsoft Visual Studio Solution File, Format Version 12.00
# Visual Studio Version 16
VisualStudioVersion = 16.0.31105.61
MinimumVisualStudioVersion = 10.0.40219.1
Project("{FAE04EC0-301F-11D3-BF4B-00C04F79EFBC}") = "DevApp", "DevApp\DevApp.csproj", "{654A0BD0-1494-4CFB-99B9-DB850BABA8DB}"
EndProject
Global
	GlobalSection(SolutionConfigurationPlatforms) = preSolution
		Debug|Any CPU = Debug|Any CPU
		Debug|x86 = Debug|x86
		Release|Any CPU = Release|Any CPU
		Release|x86 = Release|x86
	EndGlobalSection
	GlobalSection(ProjectConfigurationPlatforms) = postSolution
		{654A0BD0-1494-4CFB-99B9-DB850BABA8DB}.Debug|Any CPU.ActiveCfg = Debug|Any CPU
		{654A0BD0-1494-4CFB-99B9-DB850BABA8DB}.Debug|Any CPU.Build.0 = Debug|Any CPU
		{654A0BD0-1494-4CFB-99B9-DB850BABA8DB}.Debug|x86.ActiveCfg = Debug|x86
		{654A0BD0-1494-4CFB-99B9-DB850BABA8DB}.Debug|x86.Build.0 = Debug|x86
		{654A0BD0-1494-4CFB-99B9-DB850BABA8DB}.Release|Any CPU.ActiveCfg = Release|Any CPU
		{654A0BD0-1494-4CFB-99B9-DB850BABA8DB}.Release|Any CPU.Build.0 = Release|Any CPU
		{654A0BD0-1494-4CFB-99B9-DB850BABA8DB}.Release|x86.ActiveCfg = Release|x86
		{654A0BD0-1494-4CFB-99B9-DB850BABA8DB}.Release|x86.Build.0 = Release|x86
	EndGlobalSection
	GlobalSection(SolutionProperties) = preSolution
		HideSolutionNode = FALSE
	EndGlobalSection
	GlobalSection(ExtensibilityGlobals) = postSolution
		SolutionGuid = {9F68AF83-3FFA-4FC0-97F8-10099C58FA9B}
	EndGlobalSection
EndGlobal
